substitutions:
  model: hack-labs-matrix-clock

packages:
  default: !include "../../common/default.yaml"

esphome:
  on_boot:
    then:
      - ds1307.read_time:
          id: ds3231_rtc

esp8266:
  board: esp01_1m

binary_sensor:
  - <<: !include "../../common/main_button.yaml"
    platform: gpio
    name: "Download Button"
    pin:
      number: 0
      mode:
        input: True
        pullup: True
      inverted: True
  - platform: gpio
    id: mercury_switch
    name: "Mercury Switch"
    disabled_by_default: true
    pin:
      number: 16
      mode:
        input: True
      inverted: True

font:
  - file: "../../fonts/5x8everex.bdf"
    id: big_font
  - file: "../../fonts/tom-thumb.bdf"
    id: small_font

script:
  - id: !remove main_button_press
  - id: main_button_press
    then:
      - select.next: display_page

spi:
  clk_pin: 14
  mosi_pin: 13

i2c:
  sda: 5
  scl: 4

time:
  - platform: ds1307
    id: ds3231_rtc
    address: 0x68
  - platform: sntp
    id: sntp_time
    timezone: America/Denver
    servers:
      - 142.147.88.111
      - 104.167.215.195
      - 23.168.24.210
    on_time_sync:
      - ds1307.write_time:
          id: ds3231_rtc

number:
  - platform: template
    id: display_brightness
    name: "Display Brightness"
    optimistic: true
    min_value: 0
    max_value: 15
    step: 1
    restore_value: true
    initial_value: 15

text:
  - platform: template
    id: ha_text
    name: "Text"
    optimistic: true
    mode: text
    restore_value: true

select:
  - platform: template
    id: display_page
    name: "Display Page"
    optimistic: true
    options:
      - Clock
      - Date
      - Unix Time
      - Text Large
      - Text Small
    initial_option: Clock
    restore_value: true

display:
  - platform: max7219digit
    id: matrix_display
    cs_pin: 15
    num_chips: 4
    reverse_enable: true
    lambda: |-
      it.intensity(id(display_brightness).state);

      if (id(mercury_switch).state) {
        it.set_rotation(DISPLAY_ROTATION_180_DEGREES);
      } else {
        it.set_rotation(DISPLAY_ROTATION_0_DEGREES);
      }

      std::string page = id(display_page).state;
      if (page == "Clock") {
        it.strftime(0, 1, id(big_font), "%H", id(ds3231_rtc).now());
        it.draw_pixel_at(10, 3, COLOR_ON);
        it.draw_pixel_at(10, 6, COLOR_ON);
        it.strftime(12, 1, id(big_font), "%M", id(ds3231_rtc).now());
        it.strftime(25, 3, id(small_font), "%S", id(ds3231_rtc).now());
      } else if (page == "Date") {
        it.strftime(16, 4, id(big_font), TextAlign::CENTER, "%b %d", id(ds3231_rtc).now());
      } else if (page == "Unix Time") {
        auto timestamp = id(sntp_time).utcnow().timestamp;
        int seconds = timestamp % 60;
        int half_minute_prog = seconds % 30;

        if (seconds < 30) {
          it.printf(0, 3, id(small_font), "%lld", timestamp / 100);
          it.draw_pixel_at(half_minute_prog, 0, COLOR_ON);
        } else {
          it.printf(0, 0, id(small_font), "%lld", timestamp / 100);
          it.draw_pixel_at(half_minute_prog, 7, COLOR_ON);
        }
      } else if (page == "Text Large" || page == "Text Small") {
        static size_t pos;
        static bool advance;

        if (pos >= id(ha_text).state.length())
          pos = 0;

        size_t pos_end = id(ha_text).state.find("&", pos);
        if (pos_end == std::string::npos)
          pos_end = id(ha_text).state.length();

        auto font = id(big_font);
        if (page == "Text Small")
          font = id(small_font);

        auto word = id(ha_text).state.substr(pos, pos_end - pos);
        it.print(16, 4, font, TextAlign::CENTER, word.c_str());
        if (advance) {
          pos = pos_end + 1;
          advance = false;
        } else {
          advance = true;
        }
      }
